
Microsoft Visual Studio Solution File, Format Version 12.00
# Visual Studio Version 17
VisualStudioVersion = 17.5.002.0
MinimumVisualStudioVersion = 10.0.40219.1
Project("{9A19103F-16F7-4668-BE54-9A1E7A4F7556}") = "TesteSPA.RazorPages", "TesteSPA.RazorPages.csproj", "{47F91135-C0B1-4F54-82A0-5E3468E19D63}"
EndProject
Global
	GlobalSection(SolutionConfigurationPlatforms) = preSolution
		Debug|Any CPU = Debug|Any CPU
		Release|Any CPU = Release|Any CPU
	EndGlobalSection
	GlobalSection(ProjectConfigurationPlatforms) = postSolution
		{47F91135-C0B1-4F54-82A0-5E3468E19D63}.Debug|Any CPU.ActiveCfg = Debug|Any CPU
		{47F91135-C0B1-4F54-82A0-5E3468E19D63}.Debug|Any CPU.Build.0 = Debug|Any CPU
		{47F91135-C0B1-4F54-82A0-5E3468E19D63}.Release|Any CPU.ActiveCfg = Release|Any CPU
		{47F91135-C0B1-4F54-82A0-5E3468E19D63}.Release|Any CPU.Build.0 = Release|Any CPU
	EndGlobalSection
	GlobalSection(SolutionProperties) = preSolution
		HideSolutionNode = FALSE
	EndGlobalSection
	GlobalSection(ExtensibilityGlobals) = postSolution
		SolutionGuid = {148B12C6-6FFD-4E26-82DB-AD117F06CFE9}
	EndGlobalSection
EndGlobal
